
Microsoft Visual Studio Solution File, Format Version 12.00
# Visual Studio Version 16
VisualStudioVersion = 16.0.29411.108
MinimumVisualStudioVersion = 10.0.40219.1
Project("{FAE04EC0-301F-11D3-BF4B-00C04F79EFBC}") = "INFNET F.C. API", "INFNET F.C. API\INFNET F.C. API.csproj", "{3DD7F235-963C-45B5-8488-46E98E566123}"
EndProject
Global
	GlobalSection(SolutionConfigurationPlatforms) = preSolution
		Debug|Any CPU = Debug|Any CPU
		Release|Any CPU = Release|Any CPU
	EndGlobalSection
	GlobalSection(ProjectConfigurationPlatforms) = postSolution
		{3DD7F235-963C-45B5-8488-46E98E566123}.Debug|Any CPU.ActiveCfg = Debug|Any CPU
		{3DD7F235-963C-45B5-8488-46E98E566123}.Debug|Any CPU.Build.0 = Debug|Any CPU
		{3DD7F235-963C-45B5-8488-46E98E566123}.Release|Any CPU.ActiveCfg = Release|Any CPU
		{3DD7F235-963C-45B5-8488-46E98E566123}.Release|Any CPU.Build.0 = Release|Any CPU
	EndGlobalSection
	GlobalSection(SolutionProperties) = preSolution
		HideSolutionNode = FALSE
	EndGlobalSection
	GlobalSection(ExtensibilityGlobals) = postSolution
		SolutionGuid = {9701D468-1EAC-4AC8-AC45-28EC8024058D}
	EndGlobalSection
EndGlobal
